
Microsoft Visual Studio Solution File, Format Version 12.00
# Visual Studio 15
VisualStudioVersion = 15.0.27703.2000
MinimumVisualStudioVersion = 10.0.40219.1
Project("{9A19103F-16F7-4668-BE54-9A1E7A4F7556}") = "CorePract.Controllers", "CorePract.Controllers\CorePract.Controllers.csproj", "{5F14DB27-30AF-477B-9B8E-A7F014DB9E1B}"
EndProject
Project("{9A19103F-16F7-4668-BE54-9A1E7A4F7556}") = "CorePract.Dto", "CorePract.DTO\CorePract.Dto.csproj", "{C9D4CC77-277F-4B7B-AF8F-D8929622A274}"
EndProject
Project("{9A19103F-16F7-4668-BE54-9A1E7A4F7556}") = "CorePract.App", "CorePract.App\CorePract.App.csproj", "{86825A6E-F651-4BAC-8C7F-16AD0536889A}"
EndProject
Global
	GlobalSection(SolutionConfigurationPlatforms) = preSolution
		Debug|Any CPU = Debug|Any CPU
		Release|Any CPU = Release|Any CPU
	EndGlobalSection
	GlobalSection(ProjectConfigurationPlatforms) = postSolution
		{5F14DB27-30AF-477B-9B8E-A7F014DB9E1B}.Debug|Any CPU.ActiveCfg = Debug|Any CPU
		{5F14DB27-30AF-477B-9B8E-A7F014DB9E1B}.Debug|Any CPU.Build.0 = Debug|Any CPU
		{5F14DB27-30AF-477B-9B8E-A7F014DB9E1B}.Release|Any CPU.ActiveCfg = Release|Any CPU
		{5F14DB27-30AF-477B-9B8E-A7F014DB9E1B}.Release|Any CPU.Build.0 = Release|Any CPU
		{C9D4CC77-277F-4B7B-AF8F-D8929622A274}.Debug|Any CPU.ActiveCfg = Debug|Any CPU
		{C9D4CC77-277F-4B7B-AF8F-D8929622A274}.Debug|Any CPU.Build.0 = Debug|Any CPU
		{C9D4CC77-277F-4B7B-AF8F-D8929622A274}.Release|Any CPU.ActiveCfg = Release|Any CPU
		{C9D4CC77-277F-4B7B-AF8F-D8929622A274}.Release|Any CPU.Build.0 = Release|Any CPU
		{86825A6E-F651-4BAC-8C7F-16AD0536889A}.Debug|Any CPU.ActiveCfg = Debug|Any CPU
		{86825A6E-F651-4BAC-8C7F-16AD0536889A}.Debug|Any CPU.Build.0 = Debug|Any CPU
		{86825A6E-F651-4BAC-8C7F-16AD0536889A}.Release|Any CPU.ActiveCfg = Release|Any CPU
		{86825A6E-F651-4BAC-8C7F-16AD0536889A}.Release|Any CPU.Build.0 = Release|Any CPU
	EndGlobalSection
	GlobalSection(SolutionProperties) = preSolution
		HideSolutionNode = FALSE
	EndGlobalSection
	GlobalSection(ExtensibilityGlobals) = postSolution
		SolutionGuid = {AE7E4F67-3F04-4552-B242-E247E3041CD3}
	EndGlobalSection
EndGlobal
